
Microsoft Visual Studio Solution File, Format Version 12.00
# Visual Studio Version 17
VisualStudioVersion = 17.7.34221.43
MinimumVisualStudioVersion = 10.0.40219.1
Project("{9A19103F-16F7-4668-BE54-9A1E7A4F7556}") = "CentralPecas", "CentralPecas.csproj", "{023F7D5F-A68A-445D-935E-37290B73333B}"
EndProject
Global
	GlobalSection(SolutionConfigurationPlatforms) = preSolution
		Debug|Any CPU = Debug|Any CPU
		Release|Any CPU = Release|Any CPU
	EndGlobalSection
	GlobalSection(ProjectConfigurationPlatforms) = postSolution
		{023F7D5F-A68A-445D-935E-37290B73333B}.Debug|Any CPU.ActiveCfg = Debug|Any CPU
		{023F7D5F-A68A-445D-935E-37290B73333B}.Debug|Any CPU.Build.0 = Debug|Any CPU
		{023F7D5F-A68A-445D-935E-37290B73333B}.Release|Any CPU.ActiveCfg = Release|Any CPU
		{023F7D5F-A68A-445D-935E-37290B73333B}.Release|Any CPU.Build.0 = Release|Any CPU
	EndGlobalSection
	GlobalSection(SolutionProperties) = preSolution
		HideSolutionNode = FALSE
	EndGlobalSection
	GlobalSection(ExtensibilityGlobals) = postSolution
		SolutionGuid = {278E81A3-3F6C-4F12-8B0C-899D1E1B26B8}
	EndGlobalSection
EndGlobal
